
Microsoft Visual Studio Solution File, Format Version 12.00
# Visual Studio Version 17
VisualStudioVersion = 17.9.34607.119
MinimumVisualStudioVersion = 10.0.40219.1
Project("{8BC9CEB8-8B4A-11D0-8D11-00A0C91BC942}") = "Project4", "Project4\Project4.vcxproj", "{EB1D9CDD-D4BA-4508-9CB8-6185D023B4FE}"
EndProject
Global
	GlobalSection(SolutionConfigurationPlatforms) = preSolution
		Debug|x64 = Debug|x64
		Debug|x86 = Debug|x86
		Release|x64 = Release|x64
		Release|x86 = Release|x86
	EndGlobalSection
	GlobalSection(ProjectConfigurationPlatforms) = postSolution
		{EB1D9CDD-D4BA-4508-9CB8-6185D023B4FE}.Debug|x64.ActiveCfg = Debug|x64
		{EB1D9CDD-D4BA-4508-9CB8-6185D023B4FE}.Debug|x64.Build.0 = Debug|x64
		{EB1D9CDD-D4BA-4508-9CB8-6185D023B4FE}.Debug|x86.ActiveCfg = Debug|Win32
		{EB1D9CDD-D4BA-4508-9CB8-6185D023B4FE}.Debug|x86.Build.0 = Debug|Win32
		{EB1D9CDD-D4BA-4508-9CB8-6185D023B4FE}.Release|x64.ActiveCfg = Release|x64
		{EB1D9CDD-D4BA-4508-9CB8-6185D023B4FE}.Release|x64.Build.0 = Release|x64
		{EB1D9CDD-D4BA-4508-9CB8-6185D023B4FE}.Release|x86.ActiveCfg = Release|Win32
		{EB1D9CDD-D4BA-4508-9CB8-6185D023B4FE}.Release|x86.Build.0 = Release|Win32
	EndGlobalSection
	GlobalSection(SolutionProperties) = preSolution
		HideSolutionNode = FALSE
	EndGlobalSection
	GlobalSection(ExtensibilityGlobals) = postSolution
		SolutionGuid = {FF1E0C18-F5A7-4813-ADF5-5BEB086C1E12}
	EndGlobalSection
EndGlobal
